
Microsoft Visual Studio Solution File, Format Version 12.00
# Visual Studio Version 16
VisualStudioVersion = 16.0.30907.101
MinimumVisualStudioVersion = 10.0.40219.1
Project("{FAE04EC0-301F-11D3-BF4B-00C04F79EFBC}") = "SmartLed", "SmartLed\SmartLed.csproj", "{70C6A699-5869-44A5-97EC-CA43119AA5D3}"
EndProject
Project("{9A19103F-16F7-4668-BE54-9A1E7A4F7556}") = "Miio", "..\Miio.NET\Source\Miio\Miio.csproj", "{9EB89103-7066-4C01-AA2D-3D4544DC3F92}"
EndProject
Project("{9A19103F-16F7-4668-BE54-9A1E7A4F7556}") = "Miio.Devices", "..\Miio.NET\Source\Miio.Devices\Miio.Devices.csproj", "{087A6D24-44A8-409F-A38D-610A3076E97E}"
EndProject
Project("{9A19103F-16F7-4668-BE54-9A1E7A4F7556}") = "Miio.Utilities", "..\Miio.NET\Source\Miio.Utilities\Miio.Utilities.csproj", "{F0AA3E26-6319-4F9B-B0DD-7FC82806DF54}"
EndProject
Global
	GlobalSection(SolutionConfigurationPlatforms) = preSolution
		Debug|Any CPU = Debug|Any CPU
		Release|Any CPU = Release|Any CPU
	EndGlobalSection
	GlobalSection(ProjectConfigurationPlatforms) = postSolution
		{70C6A699-5869-44A5-97EC-CA43119AA5D3}.Debug|Any CPU.ActiveCfg = Debug|Any CPU
		{70C6A699-5869-44A5-97EC-CA43119AA5D3}.Debug|Any CPU.Build.0 = Debug|Any CPU
		{70C6A699-5869-44A5-97EC-CA43119AA5D3}.Release|Any CPU.ActiveCfg = Release|Any CPU
		{70C6A699-5869-44A5-97EC-CA43119AA5D3}.Release|Any CPU.Build.0 = Release|Any CPU
		{9EB89103-7066-4C01-AA2D-3D4544DC3F92}.Debug|Any CPU.ActiveCfg = Debug|Any CPU
		{9EB89103-7066-4C01-AA2D-3D4544DC3F92}.Debug|Any CPU.Build.0 = Debug|Any CPU
		{9EB89103-7066-4C01-AA2D-3D4544DC3F92}.Release|Any CPU.ActiveCfg = Release|Any CPU
		{9EB89103-7066-4C01-AA2D-3D4544DC3F92}.Release|Any CPU.Build.0 = Release|Any CPU
		{087A6D24-44A8-409F-A38D-610A3076E97E}.Debug|Any CPU.ActiveCfg = Debug|Any CPU
		{087A6D24-44A8-409F-A38D-610A3076E97E}.Debug|Any CPU.Build.0 = Debug|Any CPU
		{087A6D24-44A8-409F-A38D-610A3076E97E}.Release|Any CPU.ActiveCfg = Release|Any CPU
		{087A6D24-44A8-409F-A38D-610A3076E97E}.Release|Any CPU.Build.0 = Release|Any CPU
		{F0AA3E26-6319-4F9B-B0DD-7FC82806DF54}.Debug|Any CPU.ActiveCfg = Debug|Any CPU
		{F0AA3E26-6319-4F9B-B0DD-7FC82806DF54}.Debug|Any CPU.Build.0 = Debug|Any CPU
		{F0AA3E26-6319-4F9B-B0DD-7FC82806DF54}.Release|Any CPU.ActiveCfg = Release|Any CPU
		{F0AA3E26-6319-4F9B-B0DD-7FC82806DF54}.Release|Any CPU.Build.0 = Release|Any CPU
	EndGlobalSection
	GlobalSection(SolutionProperties) = preSolution
		HideSolutionNode = FALSE
	EndGlobalSection
	GlobalSection(ExtensibilityGlobals) = postSolution
		SolutionGuid = {27E14E61-2767-4377-9E17-5DB87929BC4E}
	EndGlobalSection
EndGlobal
